
Microsoft Visual Studio Solution File, Format Version 12.00
# Visual Studio Version 17
VisualStudioVersion = 17.4.32804.182
MinimumVisualStudioVersion = 10.0.40219.1
Project("{9A19103F-16F7-4668-BE54-9A1E7A4F7556}") = "CultOfQoL", "CultOfQoL\CultOfQoL.csproj", "{402779EA-B31B-4242-8B95-54FA3C3DC8A6}"
EndProject
Project("{9A19103F-16F7-4668-BE54-9A1E7A4F7556}") = "Bleaterer", "Bleaterer\Bleaterer.csproj", "{4ACCC3B5-8308-4E43-AEE2-09E1C0E60F70}"
EndProject
Project("{2150E333-8FDC-42A3-9474-1A3956D46DE8}") = "lib", "lib", "{7AC090A1-D651-4D63-8A2C-02A46CB907FE}"
	ProjectSection(SolutionItems) = preProject
		Bleaterer\lib\COTL_API.dll = Bleaterer\lib\COTL_API.dll
	EndProjectSection
EndProject
Global
	GlobalSection(SolutionConfigurationPlatforms) = preSolution
		Debug|Any CPU = Debug|Any CPU
		Release|Any CPU = Release|Any CPU
	EndGlobalSection
	GlobalSection(ProjectConfigurationPlatforms) = postSolution
		{402779EA-B31B-4242-8B95-54FA3C3DC8A6}.Debug|Any CPU.ActiveCfg = Debug|Any CPU
		{402779EA-B31B-4242-8B95-54FA3C3DC8A6}.Debug|Any CPU.Build.0 = Debug|Any CPU
		{402779EA-B31B-4242-8B95-54FA3C3DC8A6}.Release|Any CPU.ActiveCfg = Release|Any CPU
		{402779EA-B31B-4242-8B95-54FA3C3DC8A6}.Release|Any CPU.Build.0 = Release|Any CPU
		{4ACCC3B5-8308-4E43-AEE2-09E1C0E60F70}.Debug|Any CPU.ActiveCfg = Debug|Any CPU
		{4ACCC3B5-8308-4E43-AEE2-09E1C0E60F70}.Debug|Any CPU.Build.0 = Debug|Any CPU
		{4ACCC3B5-8308-4E43-AEE2-09E1C0E60F70}.Release|Any CPU.ActiveCfg = Release|Any CPU
		{4ACCC3B5-8308-4E43-AEE2-09E1C0E60F70}.Release|Any CPU.Build.0 = Release|Any CPU
	EndGlobalSection
	GlobalSection(SolutionProperties) = preSolution
		HideSolutionNode = FALSE
	EndGlobalSection
	GlobalSection(ExtensibilityGlobals) = postSolution
		SolutionGuid = {EB33E171-59B5-475B-BEEA-B75065F2D441}
	EndGlobalSection
EndGlobal
